
Microsoft Visual Studio Solution File, Format Version 11.00
# Visual Studio 2010
Project("{FAE04EC0-301F-11D3-BF4B-00C04F79EFBC}") = "OA99_PLUS_DEMO", "OA99_PLUS_DEMO.csproj", "{3D59F007-CE46-452D-AB77-F865C80C144C}"
EndProject
Global
	GlobalSection(SolutionConfigurationPlatforms) = preSolution
		Debug|Any CPU = Debug|Any CPU
		Release|Any CPU = Release|Any CPU
	EndGlobalSection
	GlobalSection(ProjectConfigurationPlatforms) = postSolution
		{3D59F007-CE46-452D-AB77-F865C80C144C}.Debug|Any CPU.ActiveCfg = Debug|Any CPU
		{3D59F007-CE46-452D-AB77-F865C80C144C}.Debug|Any CPU.Build.0 = Debug|Any CPU
		{3D59F007-CE46-452D-AB77-F865C80C144C}.Release|Any CPU.ActiveCfg = Release|Any CPU
		{3D59F007-CE46-452D-AB77-F865C80C144C}.Release|Any CPU.Build.0 = Release|Any CPU
	EndGlobalSection
	GlobalSection(SolutionProperties) = preSolution
		HideSolutionNode = FALSE
	EndGlobalSection
EndGlobal
